
Microsoft Visual Studio Solution File, Format Version 12.00
# Visual Studio 2012
Project("{FAE04EC0-301F-11D3-BF4B-00C04F79EFBC}") = "RadioEdit", "RadioEdit\RadioEdit.csproj", "{831FFEED-3C2D-4D2F-A6C8-102FA593CD74}"
EndProject
Project("{FAE04EC0-301F-11D3-BF4B-00C04F79EFBC}") = "SerialPort", "SerialPort\SerialPort.csproj", "{6C9C61B9-19FD-4D1A-816C-0121992E5133}"
EndProject
Project("{FAE04EC0-301F-11D3-BF4B-00C04F79EFBC}") = "Framework", "Framework\Framework.csproj", "{325D6187-E9A3-46CB-83CD-839C866895EC}"
EndProject
Global
	GlobalSection(SolutionConfigurationPlatforms) = preSolution
		Debug|Any CPU = Debug|Any CPU
		Release|Any CPU = Release|Any CPU
	EndGlobalSection
	GlobalSection(ProjectConfigurationPlatforms) = postSolution
		{831FFEED-3C2D-4D2F-A6C8-102FA593CD74}.Debug|Any CPU.ActiveCfg = Debug|Any CPU
		{831FFEED-3C2D-4D2F-A6C8-102FA593CD74}.Debug|Any CPU.Build.0 = Debug|Any CPU
		{831FFEED-3C2D-4D2F-A6C8-102FA593CD74}.Release|Any CPU.ActiveCfg = Release|Any CPU
		{831FFEED-3C2D-4D2F-A6C8-102FA593CD74}.Release|Any CPU.Build.0 = Release|Any CPU
		{6C9C61B9-19FD-4D1A-816C-0121992E5133}.Debug|Any CPU.ActiveCfg = Debug|Any CPU
		{6C9C61B9-19FD-4D1A-816C-0121992E5133}.Debug|Any CPU.Build.0 = Debug|Any CPU
		{6C9C61B9-19FD-4D1A-816C-0121992E5133}.Release|Any CPU.ActiveCfg = Release|Any CPU
		{6C9C61B9-19FD-4D1A-816C-0121992E5133}.Release|Any CPU.Build.0 = Release|Any CPU
		{325D6187-E9A3-46CB-83CD-839C866895EC}.Debug|Any CPU.ActiveCfg = Debug|Any CPU
		{325D6187-E9A3-46CB-83CD-839C866895EC}.Debug|Any CPU.Build.0 = Debug|Any CPU
		{325D6187-E9A3-46CB-83CD-839C866895EC}.Release|Any CPU.ActiveCfg = Release|Any CPU
		{325D6187-E9A3-46CB-83CD-839C866895EC}.Release|Any CPU.Build.0 = Release|Any CPU
	EndGlobalSection
	GlobalSection(SolutionProperties) = preSolution
		HideSolutionNode = FALSE
	EndGlobalSection
EndGlobal
